
Microsoft Visual Studio Solution File, Format Version 9.00
# Visual C++ Express 2005
Project("{8BC9CEB8-8B4A-11D0-8D11-00A0C91BC942}") = "DePan", "DePan.vcproj", "{342E3D8B-846C-4950-8B58-20F28B66C78A}"
EndProject
Global
	GlobalSection(SolutionConfigurationPlatforms) = preSolution
		Debug|Win32 = Debug|Win32
		Release|Win32 = Release|Win32
	EndGlobalSection
	GlobalSection(ProjectConfigurationPlatforms) = postSolution
		{342E3D8B-846C-4950-8B58-20F28B66C78A}.Debug|Win32.ActiveCfg = Release|Win32
		{342E3D8B-846C-4950-8B58-20F28B66C78A}.Debug|Win32.Build.0 = Release|Win32
		{342E3D8B-846C-4950-8B58-20F28B66C78A}.Release|Win32.ActiveCfg = Release|Win32
		{342E3D8B-846C-4950-8B58-20F28B66C78A}.Release|Win32.Build.0 = Release|Win32
	EndGlobalSection
	GlobalSection(SolutionProperties) = preSolution
		HideSolutionNode = FALSE
	EndGlobalSection
EndGlobal
