<?xml version="1.0" encoding="UTF-8" standalone="yes" ?>
<CodeBlocks_project_file>
	<FileVersion major="1" minor="6" />
	<Project>
		<Option title="DePan" />
		<Option makefile="makefile" />
		<Option pch_mode="2" />
		<Option compiler="msvctk" />
		<Build>
			<Target title="Win32 Release">
				<Option output="Release\DePan.dll" prefix_auto="1" extension_auto="1" />
				<Option object_output="Release" />
				<Option type="3" />
				<Option compiler="msvctk" />
				<Option createDefFile="1" />
				<Option createStaticLib="1" />
				<Compiler>
					<Add option="/MT" />
					<Add option="/W3" />
					<Add option="/GX" />
					<Add option="/O2" />
					<Add option="/DWIN32" />
					<Add option="/DNDEBUG" />
					<Add option="/D_WINDOWS" />
					<Add option="/D_MBCS" />
					<Add option="/D_USRDLL" />
					<Add option="/DDePan_EXPORTS" />
					<Add option="/YX" />
					<Add option="/FD" />
					<Add option="/G6" />
					<Add option="/FR" />
					<Add option="/TP" />
					<Add option="/G7" />
				</Compiler>
				<Linker>
					<Add option="/dll" />
					<Add option="/machine:I386" />
					<Add library="kernel32" />
					<Add library="user32" />
					<Add library="gdi32" />
					<Add library="winspool" />
					<Add library="comdlg32" />
					<Add library="advapi32" />
					<Add library="shell32" />
					<Add library="ole32" />
					<Add library="oleaut32" />
					<Add library="uuid" />
				</Linker>
			</Target>
			<Target title="Win32 Debug">
				<Option output="Debug\DePan.dll" prefix_auto="1" extension_auto="1" />
				<Option object_output="Debug" />
				<Option type="3" />
				<Option compiler="msvctk" />
				<Option createDefFile="1" />
				<Option createStaticLib="1" />
				<Compiler>
					<Add option="/MTd" />
					<Add option="/W3" />
					<Add option="/Gm" />
					<Add option="/GX" />
					<Add option="/ZI" />
					<Add option="/Od" />
					<Add option="/DWIN32" />
					<Add option="/D_DEBUG" />
					<Add option="/D_WINDOWS" />
					<Add option="/D_MBCS" />
					<Add option="/D_USRDLL" />
					<Add option="/DDePan_EXPORTS" />
					<Add option="/YX" />
					<Add option="/FD" />
					<Add option="/GZ" />
					<Add option="/G6" />
					<Add option="/MDd" />
					<Add option="/TP" />
				</Compiler>
				<Linker>
					<Add option="/dll" />
					<Add option="/debug" />
					<Add option="/machine:I386" />
					<Add option="/pdbtype:sept" />
					<Add library="kernel32" />
					<Add library="user32" />
					<Add library="gdi32" />
					<Add library="winspool" />
					<Add library="comdlg32" />
					<Add library="advapi32" />
					<Add library="shell32" />
					<Add library="ole32" />
					<Add library="oleaut32" />
					<Add library="uuid" />
				</Linker>
			</Target>
		</Build>
		<Unit filename="compensate.cpp" />
		<Unit filename="depanio.cpp" />
		<Unit filename="info.cpp" />
		<Unit filename="interface.cpp" />
		<Unit filename="interpolate.cpp" />
		<Unit filename="scenes.cpp" />
		<Unit filename="stabilize.cpp" />
		<Unit filename="transform.cpp" />
		<Unit filename="alloc.h" />
		<Unit filename="avisynth.h" />
		<Unit filename="depan.h" />
		<Unit filename="depanio.h" />
		<Unit filename="depan.rc">
			<Option compilerVar="WINDRES" />
		</Unit>
		<Extensions>
			<code_completion />
		</Extensions>
	</Project>
</CodeBlocks_project_file>
